
Microsoft Visual Studio Solution File, Format Version 12.00
# Visual Studio Version 17
VisualStudioVersion = 17.10.34916.146
MinimumVisualStudioVersion = 10.0.40219.1
Project("{9A19103F-16F7-4668-BE54-9A1E7A4F7556}") = "PersonManagement.API", "PersonManagement.API\PersonManagement.API.csproj", "{DA34D01F-5F0E-4A08-BC41-3C2FEAC41BB7}"
EndProject
Project("{9A19103F-16F7-4668-BE54-9A1E7A4F7556}") = "PersonManagement.Domain", "PersonManagement.Domain\PersonManagement.Domain.csproj", "{8D103024-7F36-4B58-AF77-399C449CE8B7}"
EndProject
Project("{9A19103F-16F7-4668-BE54-9A1E7A4F7556}") = "PersonManagement.Infrastructure", "PersonManagement.Infrastructure\PersonManagement.Infrastructure.csproj", "{714F20BD-0CF1-4B8C-82D8-918535F99542}"
EndProject
Project("{9A19103F-16F7-4668-BE54-9A1E7A4F7556}") = "PersonManagement.Application", "PersonManagement.Application\PersonManagement.Application.csproj", "{1105E6F8-19D7-42D8-B233-1F7EB79DA072}"
EndProject
Project("{FAE04EC0-301F-11D3-BF4B-00C04F79EFBC}") = "PersonManagement.Shared", "PersonManagement.Shared\PersonManagement.Shared.csproj", "{EE01EB23-DFAE-4353-8163-5948A24483D8}"
EndProject
Project("{FAE04EC0-301F-11D3-BF4B-00C04F79EFBC}") = "PersonManagement.Application.Tests", "PersonManagement.Application.Tests\PersonManagement.Application.Tests.csproj", "{5D4B7967-24B3-4278-ADEE-B81E311C6C8F}"
EndProject
Project("{E53339B2-1760-4266-BCC7-CA923CBCF16C}") = "docker-compose", "docker-compose.dcproj", "{81DDED9D-158B-E303-5F62-77A2896D2A5A}"
EndProject
Global
	GlobalSection(SolutionConfigurationPlatforms) = preSolution
		Debug|Any CPU = Debug|Any CPU
		Release|Any CPU = Release|Any CPU
	EndGlobalSection
	GlobalSection(ProjectConfigurationPlatforms) = postSolution
		{DA34D01F-5F0E-4A08-BC41-3C2FEAC41BB7}.Debug|Any CPU.ActiveCfg = Debug|Any CPU
		{DA34D01F-5F0E-4A08-BC41-3C2FEAC41BB7}.Debug|Any CPU.Build.0 = Debug|Any CPU
		{DA34D01F-5F0E-4A08-BC41-3C2FEAC41BB7}.Release|Any CPU.ActiveCfg = Release|Any CPU
		{DA34D01F-5F0E-4A08-BC41-3C2FEAC41BB7}.Release|Any CPU.Build.0 = Release|Any CPU
		{8D103024-7F36-4B58-AF77-399C449CE8B7}.Debug|Any CPU.ActiveCfg = Debug|Any CPU
		{8D103024-7F36-4B58-AF77-399C449CE8B7}.Debug|Any CPU.Build.0 = Debug|Any CPU
		{8D103024-7F36-4B58-AF77-399C449CE8B7}.Release|Any CPU.ActiveCfg = Release|Any CPU
		{8D103024-7F36-4B58-AF77-399C449CE8B7}.Release|Any CPU.Build.0 = Release|Any CPU
		{714F20BD-0CF1-4B8C-82D8-918535F99542}.Debug|Any CPU.ActiveCfg = Debug|Any CPU
		{714F20BD-0CF1-4B8C-82D8-918535F99542}.Debug|Any CPU.Build.0 = Debug|Any CPU
		{714F20BD-0CF1-4B8C-82D8-918535F99542}.Release|Any CPU.ActiveCfg = Release|Any CPU
		{714F20BD-0CF1-4B8C-82D8-918535F99542}.Release|Any CPU.Build.0 = Release|Any CPU
		{1105E6F8-19D7-42D8-B233-1F7EB79DA072}.Debug|Any CPU.ActiveCfg = Debug|Any CPU
		{1105E6F8-19D7-42D8-B233-1F7EB79DA072}.Debug|Any CPU.Build.0 = Debug|Any CPU
		{1105E6F8-19D7-42D8-B233-1F7EB79DA072}.Release|Any CPU.ActiveCfg = Release|Any CPU
		{1105E6F8-19D7-42D8-B233-1F7EB79DA072}.Release|Any CPU.Build.0 = Release|Any CPU
		{EE01EB23-DFAE-4353-8163-5948A24483D8}.Debug|Any CPU.ActiveCfg = Debug|Any CPU
		{EE01EB23-DFAE-4353-8163-5948A24483D8}.Debug|Any CPU.Build.0 = Debug|Any CPU
		{EE01EB23-DFAE-4353-8163-5948A24483D8}.Release|Any CPU.ActiveCfg = Release|Any CPU
		{EE01EB23-DFAE-4353-8163-5948A24483D8}.Release|Any CPU.Build.0 = Release|Any CPU
		{5D4B7967-24B3-4278-ADEE-B81E311C6C8F}.Debug|Any CPU.ActiveCfg = Debug|Any CPU
		{5D4B7967-24B3-4278-ADEE-B81E311C6C8F}.Debug|Any CPU.Build.0 = Debug|Any CPU
		{5D4B7967-24B3-4278-ADEE-B81E311C6C8F}.Release|Any CPU.ActiveCfg = Release|Any CPU
		{5D4B7967-24B3-4278-ADEE-B81E311C6C8F}.Release|Any CPU.Build.0 = Release|Any CPU
		{81DDED9D-158B-E303-5F62-77A2896D2A5A}.Debug|Any CPU.ActiveCfg = Debug|Any CPU
		{81DDED9D-158B-E303-5F62-77A2896D2A5A}.Debug|Any CPU.Build.0 = Debug|Any CPU
		{81DDED9D-158B-E303-5F62-77A2896D2A5A}.Release|Any CPU.ActiveCfg = Release|Any CPU
		{81DDED9D-158B-E303-5F62-77A2896D2A5A}.Release|Any CPU.Build.0 = Release|Any CPU
	EndGlobalSection
	GlobalSection(SolutionProperties) = preSolution
		HideSolutionNode = FALSE
	EndGlobalSection
	GlobalSection(ExtensibilityGlobals) = postSolution
		SolutionGuid = {4E6CFCF1-EBA9-4E2C-8A59-A44A99CA1ED5}
	EndGlobalSection
EndGlobal
